
Microsoft Visual Studio Solution File, Format Version 12.00
# Visual Studio Version 16
VisualStudioVersion = 16.0.30503.244
MinimumVisualStudioVersion = 10.0.40219.1
Project("{FAE04EC0-301F-11D3-BF4B-00C04F79EFBC}") = "StartNow", "StartNow\StartNow.csproj", "{24EE27F7-C2CF-42C2-9885-0DC08759DF2C}"
EndProject
Global
	GlobalSection(SolutionConfigurationPlatforms) = preSolution
		Debug|Any CPU = Debug|Any CPU
		Release|Any CPU = Release|Any CPU
	EndGlobalSection
	GlobalSection(ProjectConfigurationPlatforms) = postSolution
		{24EE27F7-C2CF-42C2-9885-0DC08759DF2C}.Debug|Any CPU.ActiveCfg = Debug|Any CPU
		{24EE27F7-C2CF-42C2-9885-0DC08759DF2C}.Debug|Any CPU.Build.0 = Debug|Any CPU
		{24EE27F7-C2CF-42C2-9885-0DC08759DF2C}.Release|Any CPU.ActiveCfg = Release|Any CPU
		{24EE27F7-C2CF-42C2-9885-0DC08759DF2C}.Release|Any CPU.Build.0 = Release|Any CPU
	EndGlobalSection
	GlobalSection(SolutionProperties) = preSolution
		HideSolutionNode = FALSE
	EndGlobalSection
	GlobalSection(ExtensibilityGlobals) = postSolution
		SolutionGuid = {0AE94CF3-3DB6-4815-A3B1-3073B23B731F}
	EndGlobalSection
EndGlobal
